{"SurveyEntry":{"SurveyID":"SV_9RzOpfjReY2KFzE","SurveyName":"minimal project","SurveyDescription":null,"SurveyOwnerID":"UR_3r2FcprzgM8X6qD","SurveyBrandID":"qualtricsxmxrrjgcbdd","DivisionID":null,"SurveyLanguage":"EN","SurveyActiveResponseSet":"RS_eb5iF52CUe53xmC","SurveyStatus":"Inactive","SurveyStartDate":"0000-00-00 00:00:00","SurveyExpirationDate":"0000-00-00 00:00:00","SurveyCreationDate":"2024-11-11 17:53:20","CreatorID":"UR_3r2FcprzgM8X6qD","LastModified":"2024-11-11 17:53:59","LastAccessed":"0000-00-00 00:00:00","LastActivated":"0000-00-00 00:00:00","Deleted":null},"SurveyElements":[{"SurveyID":"SV_9RzOpfjReY2KFzE","Element":"BL","PrimaryAttribute":"Survey Blocks","SecondaryAttribute":null,"TertiaryAttribute":null,"Payload":[{"Type":"Default","Description":"Default Question Block","ID":"BL_9STLrFGdvNhSj6S","BlockElements":[{"Type":"Question","QuestionID":"QID1"}]},{"Type":"Trash","Description":"Trash \/ Unused Questions","ID":"BL_0O0xdiYTMR7emlE"}]},{"SurveyID":"SV_9RzOpfjReY2KFzE","Element":"FL","PrimaryAttribute":"Survey Flow","SecondaryAttribute":null,"TertiaryAttribute":null,"Payload":{"Flow":[{"ID":"BL_9STLrFGdvNhSj6S","Type":"Block","FlowID":"FL_2"}],"Properties":{"Count":2},"FlowID":"FL_1","Type":"Root"}},{"SurveyID":"SV_9RzOpfjReY2KFzE","Element":"PL","PrimaryAttribute":"Preview Link","SecondaryAttribute":null,"TertiaryAttribute":null,"Payload":{"PreviewType":"Brand","PreviewID":"53d74c4c-1476-4311-b456-f1a34a357d90"}},{"SurveyID":"SV_9RzOpfjReY2KFzE","Element":"SO","PrimaryAttribute":"Survey Options","SecondaryAttribute":null,"TertiaryAttribute":null,"Payload":{"BackButton":"false","SaveAndContinue":"true","SurveyProtection":"PublicSurvey","BallotBoxStuffingPrevention":"false","NoIndex":"Yes","SecureResponseFiles":"true","SurveyExpiration":"None","SurveyTermination":"DefaultMessage","Header":"","Footer":"","ProgressBarDisplay":"None","PartialData":"+1 week","ValidationMessage":"","PreviousButton":"","NextButton":"","SurveyTitle":"Qualtrics Survey | Qualtrics Experience Management","SkinLibrary":"Qualtrics","SkinType":"templated","Skin":{"brandingId":null,"templateId":"*base","overrides":null},"NewScoring":1,"SurveyMetaDescription":"The most powerful, simple and trusted way to gather experience data. Start your journey to experience management and try a free account today."}},{"SurveyID":"SV_9RzOpfjReY2KFzE","Element":"SCO","PrimaryAttribute":"Scoring","SecondaryAttribute":null,"TertiaryAttribute":null,"Payload":{"ScoringCategories":[],"ScoringCategoryGroups":[],"ScoringSummaryCategory":null,"ScoringSummaryAfterQuestions":0,"ScoringSummaryAfterSurvey":0,"DefaultScoringCategory":null,"AutoScoringCategory":null}},{"SurveyID":"SV_9RzOpfjReY2KFzE","Element":"PROJ","PrimaryAttribute":"CORE","SecondaryAttribute":null,"TertiaryAttribute":"1.1.0","Payload":{"ProjectCategory":"CORE","SchemaVersion":"1.1.0"}},{"SurveyID":"SV_9RzOpfjReY2KFzE","Element":"STAT","PrimaryAttribute":"Survey Statistics","SecondaryAttribute":null,"TertiaryAttribute":null,"Payload":{"MobileCompatible":true,"ID":"Survey Statistics"}},{"SurveyID":"SV_9RzOpfjReY2KFzE","Element":"QC","PrimaryAttribute":"Survey Question Count","SecondaryAttribute":"1","TertiaryAttribute":null,"Payload":null},{"SurveyID":"SV_9RzOpfjReY2KFzE","Element":"RS","PrimaryAttribute":"RS_eb5iF52CUe53xmC","SecondaryAttribute":"Default Response Set","TertiaryAttribute":null,"Payload":null},{"SurveyID":"SV_9RzOpfjReY2KFzE","Element":"SQ","PrimaryAttribute":"QID1","SecondaryAttribute":"Is the sky blue","TertiaryAttribute":null,"Payload":{"QuestionText":"Is the sky blue","DataExportTag":"Q1","QuestionType":"MC","Selector":"SAVR","SubSelector":"TX","DataVisibility":{"Private":false,"Hidden":false},"Configuration":{"QuestionDescriptionOption":"UseText"},"QuestionDescription":"Is the sky blue","Choices":{"1":{"Display":"Yes"},"2":{"Display":"No"}},"ChoiceOrder":[1,2],"Validation":{"Settings":{"ForceResponse":"OFF","Type":"None"}},"Language":[],"NextChoiceId":3,"NextAnswerId":1,"QuestionID":"QID1"}}]}